Microsoft Visual Studio Solution File, Format Version 12.00
# Visual Studio Version 17
VisualStudioVersion = 17.5.2.0
MinimumVisualStudioVersion = 10.0.40219.1
Project("{FAE04EC0-301F-11D3-BF4B-00C04F79EFBC}") = "company-expenses-auth", "company-expenses-auth\company-expenses-auth.csproj", "{0F809757-5690-412A-CF4B-3DFE57A48138}"
EndProject
Project("{FAE04EC0-301F-11D3-BF4B-00C04F79EFBC}") = "company-expenses-api", "company-expenses-api\company-expenses-api.csproj", "{A1B2C3D4-5678-90AB-CDEF-111111111111}"
EndProject
Project("{FAE04EC0-301F-11D3-BF4B-00C04F79EFBC}") = "company-expenses-models", "company-expenses-models\company-expenses-models.csproj", "{A1B2C3D4-5678-90AB-CDEF-222222222222}"
EndProject
Project("{FAE04EC0-301F-11D3-BF4B-00C04F79EFBC}") = "company-expenses-database", "company-expenses-database\company-expenses-database.csproj", "{A1B2C3D4-5678-90AB-CDEF-333333333333}"
EndProject
Project("{FAE04EC0-301F-11D3-BF4B-00C04F79EFBC}") = "company-expenses-services", "company-expenses-services\company-expenses-services.csproj", "{A1B2C3D4-5678-90AB-CDEF-444444444444}"
EndProject
Global
	GlobalSection(SolutionConfigurationPlatforms) = preSolution
		Debug|Any CPU = Debug|Any CPU
		Release|Any CPU = Release|Any CPU
	EndGlobalSection
	GlobalSection(ProjectConfigurationPlatforms) = postSolution
		{0F809757-5690-412A-CF4B-3DFE57A48138}.Debug|Any CPU.ActiveCfg = Debug|Any CPU
		{0F809757-5690-412A-CF4B-3DFE57A48138}.Debug|Any CPU.Build.0 = Debug|Any CPU
		{0F809757-5690-412A-CF4B-3DFE57A48138}.Release|Any CPU.ActiveCfg = Release|Any CPU
		{0F809757-5690-412A-CF4B-3DFE57A48138}.Release|Any CPU.Build.0 = Release|Any CPU
		{A1B2C3D4-5678-90AB-CDEF-111111111111}.Debug|Any CPU.ActiveCfg = Debug|Any CPU
		{A1B2C3D4-5678-90AB-CDEF-111111111111}.Debug|Any CPU.Build.0 = Debug|Any CPU
		{A1B2C3D4-5678-90AB-CDEF-111111111111}.Release|Any CPU.ActiveCfg = Release|Any CPU
		{A1B2C3D4-5678-90AB-CDEF-111111111111}.Release|Any CPU.Build.0 = Release|Any CPU
		{A1B2C3D4-5678-90AB-CDEF-222222222222}.Debug|Any CPU.ActiveCfg = Debug|Any CPU
		{A1B2C3D4-5678-90AB-CDEF-222222222222}.Debug|Any CPU.Build.0 = Debug|Any CPU
		{A1B2C3D4-5678-90AB-CDEF-222222222222}.Release|Any CPU.ActiveCfg = Release|Any CPU
		{A1B2C3D4-5678-90AB-CDEF-222222222222}.Release|Any CPU.Build.0 = Release|Any CPU
		{A1B2C3D4-5678-90AB-CDEF-333333333333}.Debug|Any CPU.ActiveCfg = Debug|Any CPU
		{A1B2C3D4-5678-90AB-CDEF-333333333333}.Debug|Any CPU.Build.0 = Debug|Any CPU
		{A1B2C3D4-5678-90AB-CDEF-333333333333}.Release|Any CPU.ActiveCfg = Release|Any CPU
		{A1B2C3D4-5678-90AB-CDEF-333333333333}.Release|Any CPU.Build.0 = Release|Any CPU
		{A1B2C3D4-5678-90AB-CDEF-444444444444}.Debug|Any CPU.ActiveCfg = Debug|Any CPU
		{A1B2C3D4-5678-90AB-CDEF-444444444444}.Debug|Any CPU.Build.0 = Debug|Any CPU
		{A1B2C3D4-5678-90AB-CDEF-444444444444}.Release|Any CPU.ActiveCfg = Release|Any CPU
		{A1B2C3D4-5678-90AB-CDEF-444444444444}.Release|Any CPU.Build.0 = Release|Any CPU
	EndGlobalSection
	GlobalSection(SolutionProperties) = preSolution
		HideSolutionNode = FALSE
	EndGlobalSection
	GlobalSection(ExtensibilityGlobals) = postSolution
		SolutionGuid = {D62AE225-FC69-4773-A406-22CDE57EA755}
	EndGlobalSection
EndGlobal
